schema_version: 2
provider: patched_source
release: 0.0.3
upstream:
  url: https://github.com/ros-controls/mujoco_ros2_control
  tag: 0.0.3
  commit: 35ba8174b62d9560093614f981a3d4b978a96036
source_checkout: /data/work/ws_mujoco_ros2_control_003/src/mujoco_ros2_control
prefix: /data/work/ws_mujoco_ros2_control_003/install
patch:
  path: patches/mujoco_ros2_control-0.0.3-reset-hook.patch
  sha256: fd2869212d40809dca70f4cc971f93215a64812900cc992817305a33dfcf971e
source_order:
  - /opt/ros/jazzy
  - /data/work/ws_mujoco_ros2_control_003/install
  - project_install
package_prefixes:
  mujoco_ros2_control: /data/work/ws_mujoco_ros2_control_003/install
  mujoco_ros2_control_msgs: /data/work/ws_mujoco_ros2_control_003/install
  mujoco_ros2_control_plugins: /data/work/ws_mujoco_ros2_control_003/install
  mujoco_vendor: /opt/ros/jazzy
project_package_prefixes:
  so101_mujoco_support: /data/work/ws_moveit/.worktrees/so101-mujoco-ros2/install/so101_mujoco_support
  so101_mujoco_demo_py: /data/work/ws_moveit/.worktrees/so101-mujoco-ros2/install/so101_mujoco_demo_py
required_files:
  /data/work/ws_mujoco_ros2_control_003/install/include/mujoco_ros2_control_plugins/mujoco_ros2_control_plugins_base.hpp: 688337291e7e1d340daf9ffe36fe8c6ed72f085f1ddf302215e5a4a8a35386dc
  /data/work/ws_mujoco_ros2_control_003/install/lib/libmujoco_ros2_control_plugins.so: 8042fe00bb42d52aeea8d9b53bc0030e81e00e344595009242884cd0d939f701
  /data/work/ws_mujoco_ros2_control_003/install/lib/libmujoco_ros2_control.so: cff515efd2701f2f9e52e0bc5d9cc61a6793797fec6ee5fc7b04ae33436dd019
  /data/work/ws_mujoco_ros2_control_003/install/lib/mujoco_ros2_control/ros2_control_node: 81fc00e192b572f0ffe866522b384d508a6db561afa647b6f82eb91bf2dd2e3b
