schema_version: 3
provider: gitee_fork_submodule
release: 0.1.0
fork:
  url: git@gitee.com:zjumty/mujoco_ros2_control.git
  tag: so101-0.1.0-r1-candidate
  commit: f0f09abfe1498e1c6aa84a37a78cea87d2198b1d
  lineage_commit: f19a8cc3af61feccacb22a9f0d16cc972e3b2c08
  policy_behavior_commit: 1ef550cbbcbbcf8c0e5784648f81545724d5f90f
upstream:
  url: https://github.com/ros-controls/mujoco_ros2_control.git
  tag: 0.1.0
  commit: 57fc6744844902d4532160b403fa95840c1d6f96
submodule_path: third_party/mujoco_ros2_control
paths:
  workspace_env: SO101_WORKSPACE_DIR
  workspace_default: repo_parent
  fork_workspace: ws_mujoco_ros2_control_fork
  fork_install: ws_mujoco_ros2_control_fork/install
  project_install: install
source_order:
  - ros_underlay
  - fork_overlay
  - project_overlay
interface_sha256:
  mujoco_ros2_control_msgs/msg/ViewerCamera: c45141d1c0ccd1a43b788dba658ee4958173014fa417645ae187e0f1431f27b6
  mujoco_ros2_control_msgs/srv/SetViewerCamera: 6af9f78932ab0c72b2d238fa93f72a8247aa17963eab261662fdb693434435f0
  mujoco_ros2_control_msgs/srv/GetViewerCamera: 5994f29a5564c9d8054b5cdc722cc54ef260a9914ab6e23669cf3303030bd0f4
  mujoco_ros2_control_msgs/srv/ResetWorld: a8992885b69d937f3a4f8279e3a61b381b9f53b0362ad20bc1d6dc72825652f0
  mujoco_ros2_control_msgs/srv/SetPause: d94b5d3602de73f8339eba794a4f768c5817f8bbf69883a539e9abf9553c6744
  mujoco_ros2_control_msgs/srv/StepSimulation: 6e8839e778f0a7cc34662e28d5c86606f75e97bf96e8dfe145f2090ba899c987
  mujoco_ros2_control_msgs/srv/SetFreeJointState: 7f32a80581f96cb438402d8863b653b343f068a4dbe18f01479b480e5a5e1547
required_files:
  include/mujoco_ros2_control_plugins/mujoco_ros2_control_plugins_base.hpp: e4bb0f69a48fd9686a1cd50e7e064cae0bdfc011b09576b91d6945b8f5d8b5ee
  include/mujoco_ros2_control_plugins/mujoco_ros2_control_plugin_capabilities.hpp: 496cb71e0052aa40505a38a54f8c7c18a829aa6a2aed72007de43d41d13a34f8
  include/mujoco_ros2_control/viewer_camera.hpp: 488364d11a6d591438bda116831e111b9fdb7934146117af2a8106120efae6ed
  lib/mujoco_3d_lidar/mujoco_plugin/libmujoco_3d_lidar.so: platform-specific
  lib/libmujoco_ros2_control_plugins_impl.so: platform-specific
  lib/libmujoco_ros2_control.so: platform-specific
  lib/mujoco_ros2_control/ros2_control_node: platform-specific
  share/mujoco_ros2_control_plugins/mujoco_ros2_control_plugins.xml: platform-specific
